
Microsoft Visual Studio Solution File, Format Version 11.00
# Visual Studio 2010
Project("{FAE04EC0-301F-11D3-BF4B-00C04F79EFBC}") = "WPFPractice", "WPFPractice\WPFPractice.csproj", "{B3957A82-94DF-4C98-912A-D1D432DEF7EB}"
EndProject
Project("{FAE04EC0-301F-11D3-BF4B-00C04F79EFBC}") = "01", "01\01.csproj", "{3459FFBE-0BDF-42DB-98A7-70F03A688E67}"
EndProject
Project("{FAE04EC0-301F-11D3-BF4B-00C04F79EFBC}") = "W02-Page-OnlyXAML", "W02\W02-Page-OnlyXAML.csproj", "{31A530FA-8057-4304-BB69-762E66294943}"
EndProject
Project("{FAE04EC0-301F-11D3-BF4B-00C04F79EFBC}") = "W03-BasicLayout", "W03\W03-BasicLayout.csproj", "{2A6EAF66-35A4-46BD-B7A5-80E6B3FF9305}"
EndProject
Project("{FAE04EC0-301F-11D3-BF4B-00C04F79EFBC}") = "W04-Transparent", "W04\W04-Transparent.csproj", "{938F0F54-1BFB-4FB9-871E-A5AAD71E647D}"
EndProject
Project("{FAE04EC0-301F-11D3-BF4B-00C04F79EFBC}") = "B1-DeplayToIISSample", "B1\B1-DeplayToIISSample.csproj", "{868E0D0A-74DC-4A88-928D-FE1DFC14491F}"
EndProject
Project("{FAE04EC0-301F-11D3-BF4B-00C04F79EFBC}") = "W05_Panel", "W05\W05_Panel.csproj", "{3A6DEDBF-58AE-447E-928C-6A8A282B7F9C}"
EndProject
Project("{FAE04EC0-301F-11D3-BF4B-00C04F79EFBC}") = "W06-Alignment", "W06-Alignment\W06-Alignment.csproj", "{B421BEFB-BE6B-4169-845F-9647E8904F2E}"
EndProject
Project("{FAE04EC0-301F-11D3-BF4B-00C04F79EFBC}") = "W07-Visibility", "W07-Visibility\W07-Visibility.csproj", "{8FD63F62-DC35-4612-B445-4CCA69B9E3B7}"
EndProject
Project("{FAE04EC0-301F-11D3-BF4B-00C04F79EFBC}") = "W08-Communications", "W08-Communications\W08-Communications.csproj", "{0C83ED79-0D8C-4F15-959E-BF226E4BE860}"
EndProject
Project("{FAE04EC0-301F-11D3-BF4B-00C04F79EFBC}") = "W09-Shape", "W09-Shape\W09-Shape.csproj", "{F1BD1BEF-041C-49C8-945B-EC107204639B}"
EndProject
Project("{FAE04EC0-301F-11D3-BF4B-00C04F79EFBC}") = "W10-PathGeometry", "W10-PathGeometry\W10-PathGeometry.csproj", "{00BF5115-5FA4-4F95-8CD3-2FF753079369}"
EndProject
Project("{FAE04EC0-301F-11D3-BF4B-00C04F79EFBC}") = "W11-StreamGeometry", "W11-StreamGeometry\W11-StreamGeometry.csproj", "{9C9515DD-25DB-4914-A253-26F1B9CB6E41}"
EndProject
Project("{FAE04EC0-301F-11D3-BF4B-00C04F79EFBC}") = "W12-CombinedGeometry", "W12-CombinedGeometry\W12-CombinedGeometry.csproj", "{7ECD9D82-B3BB-489E-9EFE-3C69FFB50D3D}"
EndProject
Project("{FAE04EC0-301F-11D3-BF4B-00C04F79EFBC}") = "W13-Transform", "W13-Transform\W13-Transform.csproj", "{4593E452-174E-4470-B918-28B0A985A72C}"
EndProject
Project("{FAE04EC0-301F-11D3-BF4B-00C04F79EFBC}") = "W14-SolidBrush", "W14-SolidBrush\W14-SolidBrush.csproj", "{8BF0DA14-9285-4BE4-B8EE-A1477E88EFC6}"
EndProject
Project("{FAE04EC0-301F-11D3-BF4B-00C04F79EFBC}") = "W15-RadialGradientBrush", "W15-RadialGradientBrush\W15-RadialGradientBrush.csproj", "{650D3B2C-EBA7-41E7-9DCB-410966585A08}"
EndProject
Project("{FAE04EC0-301F-11D3-BF4B-00C04F79EFBC}") = "W16-DrawingBrush", "W16-DrawingBrush\W16-DrawingBrush.csproj", "{2BFC3738-3F79-4ABA-B984-606C6BE3FC0E}"
EndProject
Project("{FAE04EC0-301F-11D3-BF4B-00C04F79EFBC}") = "W17-VisualBrush", "W17-VisualBrush\W17-VisualBrush.csproj", "{00C50816-8C0D-4649-8A15-918D42B4FFAC}"
EndProject
Project("{FAE04EC0-301F-11D3-BF4B-00C04F79EFBC}") = "W18-BurshViewport", "W18-BurshViewport\W18-BurshViewport.csproj", "{17D8A586-89EE-41C5-9F3D-08D127F51133}"
EndProject
Project("{FAE04EC0-301F-11D3-BF4B-00C04F79EFBC}") = "W19-Mask", "W19-Mask\W19-Mask.csproj", "{AFA3218D-873E-4D6B-B2BB-E23572179385}"
EndProject
Project("{FAE04EC0-301F-11D3-BF4B-00C04F79EFBC}") = "W20-DealImage", "W20-DealImage\W20-DealImage.csproj", "{64653C41-968C-41BD-A061-023612027A6A}"
EndProject
Project("{FAE04EC0-301F-11D3-BF4B-00C04F79EFBC}") = "W21-DataBindding", "W21-Bindding\W21-DataBindding.csproj", "{4D0113FE-EF1A-4EA9-9CF0-8CD778730605}"
EndProject
Project("{FAE04EC0-301F-11D3-BF4B-00C04F79EFBC}") = "W22-DecodePixelWidth", "W22-DecodePixelWidth\W22-DecodePixelWidth.csproj", "{13B06481-2408-4345-8C83-34D8C86CD032}"
EndProject
Project("{FAE04EC0-301F-11D3-BF4B-00C04F79EFBC}") = "W23-Clip", "W23-Clip\W23-Clip.csproj", "{C2CFE2E8-98D7-445D-BD4A-9CB2A8E00DE6}"
EndProject
Project("{FAE04EC0-301F-11D3-BF4B-00C04F79EFBC}") = "W24-Stretch", "W24-Stretch\W24-Stretch.csproj", "{AD20FAE2-989D-4317-B5F6-D92D22C4AE36}"
EndProject
Project("{FAE04EC0-301F-11D3-BF4B-00C04F79EFBC}") = "W25-Effect", "W25-Effect\W25-Effect.csproj", "{6F59D88E-4628-49A6-998F-6F4F4074776E}"
EndProject
Project("{FAE04EC0-301F-11D3-BF4B-00C04F79EFBC}") = "W26-PhotoData", "W26-PhotoData\W26-PhotoData.csproj", "{716C81E6-9E60-4E08-A007-2F50293E579A}"
EndProject
Project("{FAE04EC0-301F-11D3-BF4B-00C04F79EFBC}") = "W27-wmv", "W27-wmv\W27-wmv.csproj", "{A39724D0-C532-4A3C-BA7A-84AB6DF1DC6D}"
EndProject
Project("{FAE04EC0-301F-11D3-BF4B-00C04F79EFBC}") = "W28-Resource", "W28-Resource\W28-Resource.csproj", "{0E57F70F-8987-48D5-AFB6-D42E252DBF20}"
EndProject
Project("{FAE04EC0-301F-11D3-BF4B-00C04F79EFBC}") = "W29-ImageButton", "W29-ImageButton\W29-ImageButton.csproj", "{EEE36C82-A0B5-4528-95DE-716FEA0AD230}"
EndProject
Global
	GlobalSection(SolutionConfigurationPlatforms) = preSolution
		Debug|Any CPU = Debug|Any CPU
		Debug|Mixed Platforms = Debug|Mixed Platforms
		Debug|x86 = Debug|x86
		Release|Any CPU = Release|Any CPU
		Release|Mixed Platforms = Release|Mixed Platforms
		Release|x86 = Release|x86
	EndGlobalSection
	GlobalSection(ProjectConfigurationPlatforms) = postSolution
		{B3957A82-94DF-4C98-912A-D1D432DEF7EB}.Debug|Any CPU.ActiveCfg = Debug|x86
		{B3957A82-94DF-4C98-912A-D1D432DEF7EB}.Debug|Mixed Platforms.ActiveCfg = Debug|x86
		{B3957A82-94DF-4C98-912A-D1D432DEF7EB}.Debug|Mixed Platforms.Build.0 = Debug|x86
		{B3957A82-94DF-4C98-912A-D1D432DEF7EB}.Debug|x86.ActiveCfg = Debug|x86
		{B3957A82-94DF-4C98-912A-D1D432DEF7EB}.Debug|x86.Build.0 = Debug|x86
		{B3957A82-94DF-4C98-912A-D1D432DEF7EB}.Release|Any CPU.ActiveCfg = Release|x86
		{B3957A82-94DF-4C98-912A-D1D432DEF7EB}.Release|Mixed Platforms.ActiveCfg = Release|x86
		{B3957A82-94DF-4C98-912A-D1D432DEF7EB}.Release|Mixed Platforms.Build.0 = Release|x86
		{B3957A82-94DF-4C98-912A-D1D432DEF7EB}.Release|x86.ActiveCfg = Release|x86
		{B3957A82-94DF-4C98-912A-D1D432DEF7EB}.Release|x86.Build.0 = Release|x86
		{3459FFBE-0BDF-42DB-98A7-70F03A688E67}.Debug|Any CPU.ActiveCfg = Debug|x86
		{3459FFBE-0BDF-42DB-98A7-70F03A688E67}.Debug|Mixed Platforms.ActiveCfg = Debug|x86
		{3459FFBE-0BDF-42DB-98A7-70F03A688E67}.Debug|Mixed Platforms.Build.0 = Debug|x86
		{3459FFBE-0BDF-42DB-98A7-70F03A688E67}.Debug|x86.ActiveCfg = Debug|x86
		{3459FFBE-0BDF-42DB-98A7-70F03A688E67}.Debug|x86.Build.0 = Debug|x86
		{3459FFBE-0BDF-42DB-98A7-70F03A688E67}.Release|Any CPU.ActiveCfg = Release|x86
		{3459FFBE-0BDF-42DB-98A7-70F03A688E67}.Release|Mixed Platforms.ActiveCfg = Release|x86
		{3459FFBE-0BDF-42DB-98A7-70F03A688E67}.Release|Mixed Platforms.Build.0 = Release|x86
		{3459FFBE-0BDF-42DB-98A7-70F03A688E67}.Release|x86.ActiveCfg = Release|x86
		{3459FFBE-0BDF-42DB-98A7-70F03A688E67}.Release|x86.Build.0 = Release|x86
		{31A530FA-8057-4304-BB69-762E66294943}.Debug|Any CPU.ActiveCfg = Debug|x86
		{31A530FA-8057-4304-BB69-762E66294943}.Debug|Mixed Platforms.ActiveCfg = Debug|x86
		{31A530FA-8057-4304-BB69-762E66294943}.Debug|Mixed Platforms.Build.0 = Debug|x86
		{31A530FA-8057-4304-BB69-762E66294943}.Debug|x86.ActiveCfg = Debug|x86
		{31A530FA-8057-4304-BB69-762E66294943}.Debug|x86.Build.0 = Debug|x86
		{31A530FA-8057-4304-BB69-762E66294943}.Release|Any CPU.ActiveCfg = Release|x86
		{31A530FA-8057-4304-BB69-762E66294943}.Release|Mixed Platforms.ActiveCfg = Release|x86
		{31A530FA-8057-4304-BB69-762E66294943}.Release|Mixed Platforms.Build.0 = Release|x86
		{31A530FA-8057-4304-BB69-762E66294943}.Release|x86.ActiveCfg = Release|x86
		{31A530FA-8057-4304-BB69-762E66294943}.Release|x86.Build.0 = Release|x86
		{2A6EAF66-35A4-46BD-B7A5-80E6B3FF9305}.Debug|Any CPU.ActiveCfg = Debug|x86
		{2A6EAF66-35A4-46BD-B7A5-80E6B3FF9305}.Debug|Mixed Platforms.ActiveCfg = Debug|x86
		{2A6EAF66-35A4-46BD-B7A5-80E6B3FF9305}.Debug|Mixed Platforms.Build.0 = Debug|x86
		{2A6EAF66-35A4-46BD-B7A5-80E6B3FF9305}.Debug|x86.ActiveCfg = Debug|x86
		{2A6EAF66-35A4-46BD-B7A5-80E6B3FF9305}.Debug|x86.Build.0 = Debug|x86
		{2A6EAF66-35A4-46BD-B7A5-80E6B3FF9305}.Release|Any CPU.ActiveCfg = Release|x86
		{2A6EAF66-35A4-46BD-B7A5-80E6B3FF9305}.Release|Mixed Platforms.ActiveCfg = Release|x86
		{2A6EAF66-35A4-46BD-B7A5-80E6B3FF9305}.Release|Mixed Platforms.Build.0 = Release|x86
		{2A6EAF66-35A4-46BD-B7A5-80E6B3FF9305}.Release|x86.ActiveCfg = Release|x86
		{2A6EAF66-35A4-46BD-B7A5-80E6B3FF9305}.Release|x86.Build.0 = Release|x86
		{938F0F54-1BFB-4FB9-871E-A5AAD71E647D}.Debug|Any CPU.ActiveCfg = Debug|x86
		{938F0F54-1BFB-4FB9-871E-A5AAD71E647D}.Debug|Mixed Platforms.ActiveCfg = Debug|x86
		{938F0F54-1BFB-4FB9-871E-A5AAD71E647D}.Debug|Mixed Platforms.Build.0 = Debug|x86
		{938F0F54-1BFB-4FB9-871E-A5AAD71E647D}.Debug|x86.ActiveCfg = Debug|x86
		{938F0F54-1BFB-4FB9-871E-A5AAD71E647D}.Debug|x86.Build.0 = Debug|x86
		{938F0F54-1BFB-4FB9-871E-A5AAD71E647D}.Release|Any CPU.ActiveCfg = Release|x86
		{938F0F54-1BFB-4FB9-871E-A5AAD71E647D}.Release|Mixed Platforms.ActiveCfg = Release|x86
		{938F0F54-1BFB-4FB9-871E-A5AAD71E647D}.Release|Mixed Platforms.Build.0 = Release|x86
		{938F0F54-1BFB-4FB9-871E-A5AAD71E647D}.Release|x86.ActiveCfg = Release|x86
		{938F0F54-1BFB-4FB9-871E-A5AAD71E647D}.Release|x86.Build.0 = Release|x86
		{868E0D0A-74DC-4A88-928D-FE1DFC14491F}.Debug|Any CPU.ActiveCfg = Debug|Any CPU
		{868E0D0A-74DC-4A88-928D-FE1DFC14491F}.Debug|Any CPU.Build.0 = Debug|Any CPU
		{868E0D0A-74DC-4A88-928D-FE1DFC14491F}.Debug|Mixed Platforms.ActiveCfg = Debug|Any CPU
		{868E0D0A-74DC-4A88-928D-FE1DFC14491F}.Debug|Mixed Platforms.Build.0 = Debug|Any CPU
		{868E0D0A-74DC-4A88-928D-FE1DFC14491F}.Debug|x86.ActiveCfg = Debug|Any CPU
		{868E0D0A-74DC-4A88-928D-FE1DFC14491F}.Release|Any CPU.ActiveCfg = Release|Any CPU
		{868E0D0A-74DC-4A88-928D-FE1DFC14491F}.Release|Any CPU.Build.0 = Release|Any CPU
		{868E0D0A-74DC-4A88-928D-FE1DFC14491F}.Release|Mixed Platforms.ActiveCfg = Release|Any CPU
		{868E0D0A-74DC-4A88-928D-FE1DFC14491F}.Release|Mixed Platforms.Build.0 = Release|Any CPU
		{868E0D0A-74DC-4A88-928D-FE1DFC14491F}.Release|x86.ActiveCfg = Release|Any CPU
		{3A6DEDBF-58AE-447E-928C-6A8A282B7F9C}.Debug|Any CPU.ActiveCfg = Debug|x86
		{3A6DEDBF-58AE-447E-928C-6A8A282B7F9C}.Debug|Mixed Platforms.ActiveCfg = Debug|x86
		{3A6DEDBF-58AE-447E-928C-6A8A282B7F9C}.Debug|Mixed Platforms.Build.0 = Debug|x86
		{3A6DEDBF-58AE-447E-928C-6A8A282B7F9C}.Debug|x86.ActiveCfg = Debug|x86
		{3A6DEDBF-58AE-447E-928C-6A8A282B7F9C}.Debug|x86.Build.0 = Debug|x86
		{3A6DEDBF-58AE-447E-928C-6A8A282B7F9C}.Release|Any CPU.ActiveCfg = Release|x86
		{3A6DEDBF-58AE-447E-928C-6A8A282B7F9C}.Release|Mixed Platforms.ActiveCfg = Release|x86
		{3A6DEDBF-58AE-447E-928C-6A8A282B7F9C}.Release|Mixed Platforms.Build.0 = Release|x86
		{3A6DEDBF-58AE-447E-928C-6A8A282B7F9C}.Release|x86.ActiveCfg = Release|x86
		{3A6DEDBF-58AE-447E-928C-6A8A282B7F9C}.Release|x86.Build.0 = Release|x86
		{B421BEFB-BE6B-4169-845F-9647E8904F2E}.Debug|Any CPU.ActiveCfg = Debug|x86
		{B421BEFB-BE6B-4169-845F-9647E8904F2E}.Debug|Mixed Platforms.ActiveCfg = Debug|x86
		{B421BEFB-BE6B-4169-845F-9647E8904F2E}.Debug|Mixed Platforms.Build.0 = Debug|x86
		{B421BEFB-BE6B-4169-845F-9647E8904F2E}.Debug|x86.ActiveCfg = Debug|x86
		{B421BEFB-BE6B-4169-845F-9647E8904F2E}.Debug|x86.Build.0 = Debug|x86
		{B421BEFB-BE6B-4169-845F-9647E8904F2E}.Release|Any CPU.ActiveCfg = Release|x86
		{B421BEFB-BE6B-4169-845F-9647E8904F2E}.Release|Mixed Platforms.ActiveCfg = Release|x86
		{B421BEFB-BE6B-4169-845F-9647E8904F2E}.Release|Mixed Platforms.Build.0 = Release|x86
		{B421BEFB-BE6B-4169-845F-9647E8904F2E}.Release|x86.ActiveCfg = Release|x86
		{B421BEFB-BE6B-4169-845F-9647E8904F2E}.Release|x86.Build.0 = Release|x86
		{8FD63F62-DC35-4612-B445-4CCA69B9E3B7}.Debug|Any CPU.ActiveCfg = Debug|x86
		{8FD63F62-DC35-4612-B445-4CCA69B9E3B7}.Debug|Mixed Platforms.ActiveCfg = Debug|x86
		{8FD63F62-DC35-4612-B445-4CCA69B9E3B7}.Debug|Mixed Platforms.Build.0 = Debug|x86
		{8FD63F62-DC35-4612-B445-4CCA69B9E3B7}.Debug|x86.ActiveCfg = Debug|x86
		{8FD63F62-DC35-4612-B445-4CCA69B9E3B7}.Debug|x86.Build.0 = Debug|x86
		{8FD63F62-DC35-4612-B445-4CCA69B9E3B7}.Release|Any CPU.ActiveCfg = Release|x86
		{8FD63F62-DC35-4612-B445-4CCA69B9E3B7}.Release|Mixed Platforms.ActiveCfg = Release|x86
		{8FD63F62-DC35-4612-B445-4CCA69B9E3B7}.Release|Mixed Platforms.Build.0 = Release|x86
		{8FD63F62-DC35-4612-B445-4CCA69B9E3B7}.Release|x86.ActiveCfg = Release|x86
		{8FD63F62-DC35-4612-B445-4CCA69B9E3B7}.Release|x86.Build.0 = Release|x86
		{0C83ED79-0D8C-4F15-959E-BF226E4BE860}.Debug|Any CPU.ActiveCfg = Debug|x86
		{0C83ED79-0D8C-4F15-959E-BF226E4BE860}.Debug|Mixed Platforms.ActiveCfg = Debug|x86
		{0C83ED79-0D8C-4F15-959E-BF226E4BE860}.Debug|Mixed Platforms.Build.0 = Debug|x86
		{0C83ED79-0D8C-4F15-959E-BF226E4BE860}.Debug|x86.ActiveCfg = Debug|x86
		{0C83ED79-0D8C-4F15-959E-BF226E4BE860}.Debug|x86.Build.0 = Debug|x86
		{0C83ED79-0D8C-4F15-959E-BF226E4BE860}.Release|Any CPU.ActiveCfg = Release|x86
		{0C83ED79-0D8C-4F15-959E-BF226E4BE860}.Release|Mixed Platforms.ActiveCfg = Release|x86
		{0C83ED79-0D8C-4F15-959E-BF226E4BE860}.Release|Mixed Platforms.Build.0 = Release|x86
		{0C83ED79-0D8C-4F15-959E-BF226E4BE860}.Release|x86.ActiveCfg = Release|x86
		{0C83ED79-0D8C-4F15-959E-BF226E4BE860}.Release|x86.Build.0 = Release|x86
		{F1BD1BEF-041C-49C8-945B-EC107204639B}.Debug|Any CPU.ActiveCfg = Debug|x86
		{F1BD1BEF-041C-49C8-945B-EC107204639B}.Debug|Mixed Platforms.ActiveCfg = Debug|x86
		{F1BD1BEF-041C-49C8-945B-EC107204639B}.Debug|Mixed Platforms.Build.0 = Debug|x86
		{F1BD1BEF-041C-49C8-945B-EC107204639B}.Debug|x86.ActiveCfg = Debug|x86
		{F1BD1BEF-041C-49C8-945B-EC107204639B}.Debug|x86.Build.0 = Debug|x86
		{F1BD1BEF-041C-49C8-945B-EC107204639B}.Release|Any CPU.ActiveCfg = Release|x86
		{F1BD1BEF-041C-49C8-945B-EC107204639B}.Release|Mixed Platforms.ActiveCfg = Release|x86
		{F1BD1BEF-041C-49C8-945B-EC107204639B}.Release|Mixed Platforms.Build.0 = Release|x86
		{F1BD1BEF-041C-49C8-945B-EC107204639B}.Release|x86.ActiveCfg = Release|x86
		{F1BD1BEF-041C-49C8-945B-EC107204639B}.Release|x86.Build.0 = Release|x86
		{00BF5115-5FA4-4F95-8CD3-2FF753079369}.Debug|Any CPU.ActiveCfg = Debug|x86
		{00BF5115-5FA4-4F95-8CD3-2FF753079369}.Debug|Mixed Platforms.ActiveCfg = Debug|x86
		{00BF5115-5FA4-4F95-8CD3-2FF753079369}.Debug|Mixed Platforms.Build.0 = Debug|x86
		{00BF5115-5FA4-4F95-8CD3-2FF753079369}.Debug|x86.ActiveCfg = Debug|x86
		{00BF5115-5FA4-4F95-8CD3-2FF753079369}.Debug|x86.Build.0 = Debug|x86
		{00BF5115-5FA4-4F95-8CD3-2FF753079369}.Release|Any CPU.ActiveCfg = Release|x86
		{00BF5115-5FA4-4F95-8CD3-2FF753079369}.Release|Mixed Platforms.ActiveCfg = Release|x86
		{00BF5115-5FA4-4F95-8CD3-2FF753079369}.Release|Mixed Platforms.Build.0 = Release|x86
		{00BF5115-5FA4-4F95-8CD3-2FF753079369}.Release|x86.ActiveCfg = Release|x86
		{00BF5115-5FA4-4F95-8CD3-2FF753079369}.Release|x86.Build.0 = Release|x86
		{9C9515DD-25DB-4914-A253-26F1B9CB6E41}.Debug|Any CPU.ActiveCfg = Debug|x86
		{9C9515DD-25DB-4914-A253-26F1B9CB6E41}.Debug|Mixed Platforms.ActiveCfg = Debug|x86
		{9C9515DD-25DB-4914-A253-26F1B9CB6E41}.Debug|Mixed Platforms.Build.0 = Debug|x86
		{9C9515DD-25DB-4914-A253-26F1B9CB6E41}.Debug|x86.ActiveCfg = Debug|x86
		{9C9515DD-25DB-4914-A253-26F1B9CB6E41}.Debug|x86.Build.0 = Debug|x86
		{9C9515DD-25DB-4914-A253-26F1B9CB6E41}.Release|Any CPU.ActiveCfg = Release|x86
		{9C9515DD-25DB-4914-A253-26F1B9CB6E41}.Release|Mixed Platforms.ActiveCfg = Release|x86
		{9C9515DD-25DB-4914-A253-26F1B9CB6E41}.Release|Mixed Platforms.Build.0 = Release|x86
		{9C9515DD-25DB-4914-A253-26F1B9CB6E41}.Release|x86.ActiveCfg = Release|x86
		{9C9515DD-25DB-4914-A253-26F1B9CB6E41}.Release|x86.Build.0 = Release|x86
		{7ECD9D82-B3BB-489E-9EFE-3C69FFB50D3D}.Debug|Any CPU.ActiveCfg = Debug|x86
		{7ECD9D82-B3BB-489E-9EFE-3C69FFB50D3D}.Debug|Mixed Platforms.ActiveCfg = Debug|x86
		{7ECD9D82-B3BB-489E-9EFE-3C69FFB50D3D}.Debug|Mixed Platforms.Build.0 = Debug|x86
		{7ECD9D82-B3BB-489E-9EFE-3C69FFB50D3D}.Debug|x86.ActiveCfg = Debug|x86
		{7ECD9D82-B3BB-489E-9EFE-3C69FFB50D3D}.Debug|x86.Build.0 = Debug|x86
		{7ECD9D82-B3BB-489E-9EFE-3C69FFB50D3D}.Release|Any CPU.ActiveCfg = Release|x86
		{7ECD9D82-B3BB-489E-9EFE-3C69FFB50D3D}.Release|Mixed Platforms.ActiveCfg = Release|x86
		{7ECD9D82-B3BB-489E-9EFE-3C69FFB50D3D}.Release|Mixed Platforms.Build.0 = Release|x86
		{7ECD9D82-B3BB-489E-9EFE-3C69FFB50D3D}.Release|x86.ActiveCfg = Release|x86
		{7ECD9D82-B3BB-489E-9EFE-3C69FFB50D3D}.Release|x86.Build.0 = Release|x86
		{4593E452-174E-4470-B918-28B0A985A72C}.Debug|Any CPU.ActiveCfg = Debug|x86
		{4593E452-174E-4470-B918-28B0A985A72C}.Debug|Mixed Platforms.ActiveCfg = Debug|x86
		{4593E452-174E-4470-B918-28B0A985A72C}.Debug|Mixed Platforms.Build.0 = Debug|x86
		{4593E452-174E-4470-B918-28B0A985A72C}.Debug|x86.ActiveCfg = Debug|x86
		{4593E452-174E-4470-B918-28B0A985A72C}.Debug|x86.Build.0 = Debug|x86
		{4593E452-174E-4470-B918-28B0A985A72C}.Release|Any CPU.ActiveCfg = Release|x86
		{4593E452-174E-4470-B918-28B0A985A72C}.Release|Mixed Platforms.ActiveCfg = Release|x86
		{4593E452-174E-4470-B918-28B0A985A72C}.Release|Mixed Platforms.Build.0 = Release|x86
		{4593E452-174E-4470-B918-28B0A985A72C}.Release|x86.ActiveCfg = Release|x86
		{4593E452-174E-4470-B918-28B0A985A72C}.Release|x86.Build.0 = Release|x86
		{8BF0DA14-9285-4BE4-B8EE-A1477E88EFC6}.Debug|Any CPU.ActiveCfg = Debug|x86
		{8BF0DA14-9285-4BE4-B8EE-A1477E88EFC6}.Debug|Mixed Platforms.ActiveCfg = Debug|x86
		{8BF0DA14-9285-4BE4-B8EE-A1477E88EFC6}.Debug|Mixed Platforms.Build.0 = Debug|x86
		{8BF0DA14-9285-4BE4-B8EE-A1477E88EFC6}.Debug|x86.ActiveCfg = Debug|x86
		{8BF0DA14-9285-4BE4-B8EE-A1477E88EFC6}.Debug|x86.Build.0 = Debug|x86
		{8BF0DA14-9285-4BE4-B8EE-A1477E88EFC6}.Release|Any CPU.ActiveCfg = Release|x86
		{8BF0DA14-9285-4BE4-B8EE-A1477E88EFC6}.Release|Mixed Platforms.ActiveCfg = Release|x86
		{8BF0DA14-9285-4BE4-B8EE-A1477E88EFC6}.Release|Mixed Platforms.Build.0 = Release|x86
		{8BF0DA14-9285-4BE4-B8EE-A1477E88EFC6}.Release|x86.ActiveCfg = Release|x86
		{8BF0DA14-9285-4BE4-B8EE-A1477E88EFC6}.Release|x86.Build.0 = Release|x86
		{650D3B2C-EBA7-41E7-9DCB-410966585A08}.Debug|Any CPU.ActiveCfg = Debug|x86
		{650D3B2C-EBA7-41E7-9DCB-410966585A08}.Debug|Mixed Platforms.ActiveCfg = Debug|x86
		{650D3B2C-EBA7-41E7-9DCB-410966585A08}.Debug|Mixed Platforms.Build.0 = Debug|x86
		{650D3B2C-EBA7-41E7-9DCB-410966585A08}.Debug|x86.ActiveCfg = Debug|x86
		{650D3B2C-EBA7-41E7-9DCB-410966585A08}.Debug|x86.Build.0 = Debug|x86
		{650D3B2C-EBA7-41E7-9DCB-410966585A08}.Release|Any CPU.ActiveCfg = Release|x86
		{650D3B2C-EBA7-41E7-9DCB-410966585A08}.Release|Mixed Platforms.ActiveCfg = Release|x86
		{650D3B2C-EBA7-41E7-9DCB-410966585A08}.Release|Mixed Platforms.Build.0 = Release|x86
		{650D3B2C-EBA7-41E7-9DCB-410966585A08}.Release|x86.ActiveCfg = Release|x86
		{650D3B2C-EBA7-41E7-9DCB-410966585A08}.Release|x86.Build.0 = Release|x86
		{2BFC3738-3F79-4ABA-B984-606C6BE3FC0E}.Debug|Any CPU.ActiveCfg = Debug|x86
		{2BFC3738-3F79-4ABA-B984-606C6BE3FC0E}.Debug|Mixed Platforms.ActiveCfg = Debug|x86
		{2BFC3738-3F79-4ABA-B984-606C6BE3FC0E}.Debug|Mixed Platforms.Build.0 = Debug|x86
		{2BFC3738-3F79-4ABA-B984-606C6BE3FC0E}.Debug|x86.ActiveCfg = Debug|x86
		{2BFC3738-3F79-4ABA-B984-606C6BE3FC0E}.Debug|x86.Build.0 = Debug|x86
		{2BFC3738-3F79-4ABA-B984-606C6BE3FC0E}.Release|Any CPU.ActiveCfg = Release|x86
		{2BFC3738-3F79-4ABA-B984-606C6BE3FC0E}.Release|Mixed Platforms.ActiveCfg = Release|x86
		{2BFC3738-3F79-4ABA-B984-606C6BE3FC0E}.Release|Mixed Platforms.Build.0 = Release|x86
		{2BFC3738-3F79-4ABA-B984-606C6BE3FC0E}.Release|x86.ActiveCfg = Release|x86
		{2BFC3738-3F79-4ABA-B984-606C6BE3FC0E}.Release|x86.Build.0 = Release|x86
		{00C50816-8C0D-4649-8A15-918D42B4FFAC}.Debug|Any CPU.ActiveCfg = Debug|x86
		{00C50816-8C0D-4649-8A15-918D42B4FFAC}.Debug|Mixed Platforms.ActiveCfg = Debug|x86
		{00C50816-8C0D-4649-8A15-918D42B4FFAC}.Debug|Mixed Platforms.Build.0 = Debug|x86
		{00C50816-8C0D-4649-8A15-918D42B4FFAC}.Debug|x86.ActiveCfg = Debug|x86
		{00C50816-8C0D-4649-8A15-918D42B4FFAC}.Debug|x86.Build.0 = Debug|x86
		{00C50816-8C0D-4649-8A15-918D42B4FFAC}.Release|Any CPU.ActiveCfg = Release|x86
		{00C50816-8C0D-4649-8A15-918D42B4FFAC}.Release|Mixed Platforms.ActiveCfg = Release|x86
		{00C50816-8C0D-4649-8A15-918D42B4FFAC}.Release|Mixed Platforms.Build.0 = Release|x86
		{00C50816-8C0D-4649-8A15-918D42B4FFAC}.Release|x86.ActiveCfg = Release|x86
		{00C50816-8C0D-4649-8A15-918D42B4FFAC}.Release|x86.Build.0 = Release|x86
		{17D8A586-89EE-41C5-9F3D-08D127F51133}.Debug|Any CPU.ActiveCfg = Debug|x86
		{17D8A586-89EE-41C5-9F3D-08D127F51133}.Debug|Mixed Platforms.ActiveCfg = Debug|x86
		{17D8A586-89EE-41C5-9F3D-08D127F51133}.Debug|Mixed Platforms.Build.0 = Debug|x86
		{17D8A586-89EE-41C5-9F3D-08D127F51133}.Debug|x86.ActiveCfg = Debug|x86
		{17D8A586-89EE-41C5-9F3D-08D127F51133}.Debug|x86.Build.0 = Debug|x86
		{17D8A586-89EE-41C5-9F3D-08D127F51133}.Release|Any CPU.ActiveCfg = Release|x86
		{17D8A586-89EE-41C5-9F3D-08D127F51133}.Release|Mixed Platforms.ActiveCfg = Release|x86
		{17D8A586-89EE-41C5-9F3D-08D127F51133}.Release|Mixed Platforms.Build.0 = Release|x86
		{17D8A586-89EE-41C5-9F3D-08D127F51133}.Release|x86.ActiveCfg = Release|x86
		{17D8A586-89EE-41C5-9F3D-08D127F51133}.Release|x86.Build.0 = Release|x86
		{AFA3218D-873E-4D6B-B2BB-E23572179385}.Debug|Any CPU.ActiveCfg = Debug|x86
		{AFA3218D-873E-4D6B-B2BB-E23572179385}.Debug|Mixed Platforms.ActiveCfg = Debug|x86
		{AFA3218D-873E-4D6B-B2BB-E23572179385}.Debug|Mixed Platforms.Build.0 = Debug|x86
		{AFA3218D-873E-4D6B-B2BB-E23572179385}.Debug|x86.ActiveCfg = Debug|x86
		{AFA3218D-873E-4D6B-B2BB-E23572179385}.Debug|x86.Build.0 = Debug|x86
		{AFA3218D-873E-4D6B-B2BB-E23572179385}.Release|Any CPU.ActiveCfg = Release|x86
		{AFA3218D-873E-4D6B-B2BB-E23572179385}.Release|Mixed Platforms.ActiveCfg = Release|x86
		{AFA3218D-873E-4D6B-B2BB-E23572179385}.Release|Mixed Platforms.Build.0 = Release|x86
		{AFA3218D-873E-4D6B-B2BB-E23572179385}.Release|x86.ActiveCfg = Release|x86
		{AFA3218D-873E-4D6B-B2BB-E23572179385}.Release|x86.Build.0 = Release|x86
		{64653C41-968C-41BD-A061-023612027A6A}.Debug|Any CPU.ActiveCfg = Debug|x86
		{64653C41-968C-41BD-A061-023612027A6A}.Debug|Mixed Platforms.ActiveCfg = Debug|x86
		{64653C41-968C-41BD-A061-023612027A6A}.Debug|Mixed Platforms.Build.0 = Debug|x86
		{64653C41-968C-41BD-A061-023612027A6A}.Debug|x86.ActiveCfg = Debug|x86
		{64653C41-968C-41BD-A061-023612027A6A}.Debug|x86.Build.0 = Debug|x86
		{64653C41-968C-41BD-A061-023612027A6A}.Release|Any CPU.ActiveCfg = Release|x86
		{64653C41-968C-41BD-A061-023612027A6A}.Release|Mixed Platforms.ActiveCfg = Release|x86
		{64653C41-968C-41BD-A061-023612027A6A}.Release|Mixed Platforms.Build.0 = Release|x86
		{64653C41-968C-41BD-A061-023612027A6A}.Release|x86.ActiveCfg = Release|x86
		{64653C41-968C-41BD-A061-023612027A6A}.Release|x86.Build.0 = Release|x86
		{4D0113FE-EF1A-4EA9-9CF0-8CD778730605}.Debug|Any CPU.ActiveCfg = Debug|x86
		{4D0113FE-EF1A-4EA9-9CF0-8CD778730605}.Debug|Mixed Platforms.ActiveCfg = Debug|x86
		{4D0113FE-EF1A-4EA9-9CF0-8CD778730605}.Debug|Mixed Platforms.Build.0 = Debug|x86
		{4D0113FE-EF1A-4EA9-9CF0-8CD778730605}.Debug|x86.ActiveCfg = Debug|x86
		{4D0113FE-EF1A-4EA9-9CF0-8CD778730605}.Debug|x86.Build.0 = Debug|x86
		{4D0113FE-EF1A-4EA9-9CF0-8CD778730605}.Release|Any CPU.ActiveCfg = Release|x86
		{4D0113FE-EF1A-4EA9-9CF0-8CD778730605}.Release|Mixed Platforms.ActiveCfg = Release|x86
		{4D0113FE-EF1A-4EA9-9CF0-8CD778730605}.Release|Mixed Platforms.Build.0 = Release|x86
		{4D0113FE-EF1A-4EA9-9CF0-8CD778730605}.Release|x86.ActiveCfg = Release|x86
		{4D0113FE-EF1A-4EA9-9CF0-8CD778730605}.Release|x86.Build.0 = Release|x86
		{13B06481-2408-4345-8C83-34D8C86CD032}.Debug|Any CPU.ActiveCfg = Debug|x86
		{13B06481-2408-4345-8C83-34D8C86CD032}.Debug|Mixed Platforms.ActiveCfg = Debug|x86
		{13B06481-2408-4345-8C83-34D8C86CD032}.Debug|Mixed Platforms.Build.0 = Debug|x86
		{13B06481-2408-4345-8C83-34D8C86CD032}.Debug|x86.ActiveCfg = Debug|x86
		{13B06481-2408-4345-8C83-34D8C86CD032}.Debug|x86.Build.0 = Debug|x86
		{13B06481-2408-4345-8C83-34D8C86CD032}.Release|Any CPU.ActiveCfg = Release|x86
		{13B06481-2408-4345-8C83-34D8C86CD032}.Release|Mixed Platforms.ActiveCfg = Release|x86
		{13B06481-2408-4345-8C83-34D8C86CD032}.Release|Mixed Platforms.Build.0 = Release|x86
		{13B06481-2408-4345-8C83-34D8C86CD032}.Release|x86.ActiveCfg = Release|x86
		{13B06481-2408-4345-8C83-34D8C86CD032}.Release|x86.Build.0 = Release|x86
		{C2CFE2E8-98D7-445D-BD4A-9CB2A8E00DE6}.Debug|Any CPU.ActiveCfg = Debug|x86
		{C2CFE2E8-98D7-445D-BD4A-9CB2A8E00DE6}.Debug|Mixed Platforms.ActiveCfg = Debug|x86
		{C2CFE2E8-98D7-445D-BD4A-9CB2A8E00DE6}.Debug|Mixed Platforms.Build.0 = Debug|x86
		{C2CFE2E8-98D7-445D-BD4A-9CB2A8E00DE6}.Debug|x86.ActiveCfg = Debug|x86
		{C2CFE2E8-98D7-445D-BD4A-9CB2A8E00DE6}.Debug|x86.Build.0 = Debug|x86
		{C2CFE2E8-98D7-445D-BD4A-9CB2A8E00DE6}.Release|Any CPU.ActiveCfg = Release|x86
		{C2CFE2E8-98D7-445D-BD4A-9CB2A8E00DE6}.Release|Mixed Platforms.ActiveCfg = Release|x86
		{C2CFE2E8-98D7-445D-BD4A-9CB2A8E00DE6}.Release|Mixed Platforms.Build.0 = Release|x86
		{C2CFE2E8-98D7-445D-BD4A-9CB2A8E00DE6}.Release|x86.ActiveCfg = Release|x86
		{C2CFE2E8-98D7-445D-BD4A-9CB2A8E00DE6}.Release|x86.Build.0 = Release|x86
		{AD20FAE2-989D-4317-B5F6-D92D22C4AE36}.Debug|Any CPU.ActiveCfg = Debug|x86
		{AD20FAE2-989D-4317-B5F6-D92D22C4AE36}.Debug|Mixed Platforms.ActiveCfg = Debug|x86
		{AD20FAE2-989D-4317-B5F6-D92D22C4AE36}.Debug|Mixed Platforms.Build.0 = Debug|x86
		{AD20FAE2-989D-4317-B5F6-D92D22C4AE36}.Debug|x86.ActiveCfg = Debug|x86
		{AD20FAE2-989D-4317-B5F6-D92D22C4AE36}.Debug|x86.Build.0 = Debug|x86
		{AD20FAE2-989D-4317-B5F6-D92D22C4AE36}.Release|Any CPU.ActiveCfg = Release|x86
		{AD20FAE2-989D-4317-B5F6-D92D22C4AE36}.Release|Mixed Platforms.ActiveCfg = Release|x86
		{AD20FAE2-989D-4317-B5F6-D92D22C4AE36}.Release|Mixed Platforms.Build.0 = Release|x86
		{AD20FAE2-989D-4317-B5F6-D92D22C4AE36}.Release|x86.ActiveCfg = Release|x86
		{AD20FAE2-989D-4317-B5F6-D92D22C4AE36}.Release|x86.Build.0 = Release|x86
		{6F59D88E-4628-49A6-998F-6F4F4074776E}.Debug|Any CPU.ActiveCfg = Debug|x86
		{6F59D88E-4628-49A6-998F-6F4F4074776E}.Debug|Mixed Platforms.ActiveCfg = Debug|x86
		{6F59D88E-4628-49A6-998F-6F4F4074776E}.Debug|Mixed Platforms.Build.0 = Debug|x86
		{6F59D88E-4628-49A6-998F-6F4F4074776E}.Debug|x86.ActiveCfg = Debug|x86
		{6F59D88E-4628-49A6-998F-6F4F4074776E}.Debug|x86.Build.0 = Debug|x86
		{6F59D88E-4628-49A6-998F-6F4F4074776E}.Release|Any CPU.ActiveCfg = Release|x86
		{6F59D88E-4628-49A6-998F-6F4F4074776E}.Release|Mixed Platforms.ActiveCfg = Release|x86
		{6F59D88E-4628-49A6-998F-6F4F4074776E}.Release|Mixed Platforms.Build.0 = Release|x86
		{6F59D88E-4628-49A6-998F-6F4F4074776E}.Release|x86.ActiveCfg = Release|x86
		{6F59D88E-4628-49A6-998F-6F4F4074776E}.Release|x86.Build.0 = Release|x86
		{716C81E6-9E60-4E08-A007-2F50293E579A}.Debug|Any CPU.ActiveCfg = Debug|x86
		{716C81E6-9E60-4E08-A007-2F50293E579A}.Debug|Mixed Platforms.ActiveCfg = Debug|x86
		{716C81E6-9E60-4E08-A007-2F50293E579A}.Debug|Mixed Platforms.Build.0 = Debug|x86
		{716C81E6-9E60-4E08-A007-2F50293E579A}.Debug|x86.ActiveCfg = Debug|x86
		{716C81E6-9E60-4E08-A007-2F50293E579A}.Debug|x86.Build.0 = Debug|x86
		{716C81E6-9E60-4E08-A007-2F50293E579A}.Release|Any CPU.ActiveCfg = Release|x86
		{716C81E6-9E60-4E08-A007-2F50293E579A}.Release|Mixed Platforms.ActiveCfg = Release|x86
		{716C81E6-9E60-4E08-A007-2F50293E579A}.Release|Mixed Platforms.Build.0 = Release|x86
		{716C81E6-9E60-4E08-A007-2F50293E579A}.Release|x86.ActiveCfg = Release|x86
		{716C81E6-9E60-4E08-A007-2F50293E579A}.Release|x86.Build.0 = Release|x86
		{A39724D0-C532-4A3C-BA7A-84AB6DF1DC6D}.Debug|Any CPU.ActiveCfg = Debug|x86
		{A39724D0-C532-4A3C-BA7A-84AB6DF1DC6D}.Debug|Mixed Platforms.ActiveCfg = Debug|x86
		{A39724D0-C532-4A3C-BA7A-84AB6DF1DC6D}.Debug|Mixed Platforms.Build.0 = Debug|x86
		{A39724D0-C532-4A3C-BA7A-84AB6DF1DC6D}.Debug|x86.ActiveCfg = Debug|x86
		{A39724D0-C532-4A3C-BA7A-84AB6DF1DC6D}.Debug|x86.Build.0 = Debug|x86
		{A39724D0-C532-4A3C-BA7A-84AB6DF1DC6D}.Release|Any CPU.ActiveCfg = Release|x86
		{A39724D0-C532-4A3C-BA7A-84AB6DF1DC6D}.Release|Mixed Platforms.ActiveCfg = Release|x86
		{A39724D0-C532-4A3C-BA7A-84AB6DF1DC6D}.Release|Mixed Platforms.Build.0 = Release|x86
		{A39724D0-C532-4A3C-BA7A-84AB6DF1DC6D}.Release|x86.ActiveCfg = Release|x86
		{A39724D0-C532-4A3C-BA7A-84AB6DF1DC6D}.Release|x86.Build.0 = Release|x86
		{0E57F70F-8987-48D5-AFB6-D42E252DBF20}.Debug|Any CPU.ActiveCfg = Debug|x86
		{0E57F70F-8987-48D5-AFB6-D42E252DBF20}.Debug|Mixed Platforms.ActiveCfg = Debug|x86
		{0E57F70F-8987-48D5-AFB6-D42E252DBF20}.Debug|Mixed Platforms.Build.0 = Debug|x86
		{0E57F70F-8987-48D5-AFB6-D42E252DBF20}.Debug|x86.ActiveCfg = Debug|x86
		{0E57F70F-8987-48D5-AFB6-D42E252DBF20}.Debug|x86.Build.0 = Debug|x86
		{0E57F70F-8987-48D5-AFB6-D42E252DBF20}.Release|Any CPU.ActiveCfg = Release|x86
		{0E57F70F-8987-48D5-AFB6-D42E252DBF20}.Release|Mixed Platforms.ActiveCfg = Release|x86
		{0E57F70F-8987-48D5-AFB6-D42E252DBF20}.Release|Mixed Platforms.Build.0 = Release|x86
		{0E57F70F-8987-48D5-AFB6-D42E252DBF20}.Release|x86.ActiveCfg = Release|x86
		{0E57F70F-8987-48D5-AFB6-D42E252DBF20}.Release|x86.Build.0 = Release|x86
		{EEE36C82-A0B5-4528-95DE-716FEA0AD230}.Debug|Any CPU.ActiveCfg = Debug|x86
		{EEE36C82-A0B5-4528-95DE-716FEA0AD230}.Debug|Mixed Platforms.ActiveCfg = Debug|x86
		{EEE36C82-A0B5-4528-95DE-716FEA0AD230}.Debug|Mixed Platforms.Build.0 = Debug|x86
		{EEE36C82-A0B5-4528-95DE-716FEA0AD230}.Debug|x86.ActiveCfg = Debug|x86
		{EEE36C82-A0B5-4528-95DE-716FEA0AD230}.Debug|x86.Build.0 = Debug|x86
		{EEE36C82-A0B5-4528-95DE-716FEA0AD230}.Release|Any CPU.ActiveCfg = Release|x86
		{EEE36C82-A0B5-4528-95DE-716FEA0AD230}.Release|Mixed Platforms.ActiveCfg = Release|x86
		{EEE36C82-A0B5-4528-95DE-716FEA0AD230}.Release|Mixed Platforms.Build.0 = Release|x86
		{EEE36C82-A0B5-4528-95DE-716FEA0AD230}.Release|x86.ActiveCfg = Release|x86
		{EEE36C82-A0B5-4528-95DE-716FEA0AD230}.Release|x86.Build.0 = Release|x86
	EndGlobalSection
	GlobalSection(SolutionProperties) = preSolution
		HideSolutionNode = FALSE
	EndGlobalSection
EndGlobal
